
Microsoft Visual Studio Solution File, Format Version 12.00
# Visual Studio Version 17
VisualStudioVersion = 17.11.35312.102
MinimumVisualStudioVersion = 10.0.40219.1
Project("{FAE04EC0-301F-11D3-BF4B-00C04F79EFBC}") = "230106_Kretinin_3", "230106_Kretinin_4\230106_Kretinin_3.csproj", "{FE18C467-8BCE-4E61-9AE7-CC0197CB8781}"
EndProject
Global
	GlobalSection(SolutionConfigurationPlatforms) = preSolution
		Debug|Any CPU = Debug|Any CPU
		Release|Any CPU = Release|Any CPU
	EndGlobalSection
	GlobalSection(ProjectConfigurationPlatforms) = postSolution
		{FE18C467-8BCE-4E61-9AE7-CC0197CB8781}.Debug|Any CPU.ActiveCfg = Debug|Any CPU
		{FE18C467-8BCE-4E61-9AE7-CC0197CB8781}.Debug|Any CPU.Build.0 = Debug|Any CPU
		{FE18C467-8BCE-4E61-9AE7-CC0197CB8781}.Release|Any CPU.ActiveCfg = Release|Any CPU
		{FE18C467-8BCE-4E61-9AE7-CC0197CB8781}.Release|Any CPU.Build.0 = Release|Any CPU
	EndGlobalSection
	GlobalSection(SolutionProperties) = preSolution
		HideSolutionNode = FALSE
	EndGlobalSection
	GlobalSection(ExtensibilityGlobals) = postSolution
		SolutionGuid = {C2C75B79-6488-42E8-8DB0-FDA38B5C28AC}
	EndGlobalSection
EndGlobal
